# This file is automatically @generated by Cargo.
# It is not intended for manual editing.
version = 4

[[package]]
name = "draxl"
version = "0.1.0"
dependencies = [
 "draxl-ast",
 "draxl-lower-rust",
 "draxl-parser",
 "draxl-patch",
 "draxl-printer",
 "draxl-validate",
]

[[package]]
name = "draxl-ast"
version = "0.1.0"

[[package]]
name = "draxl-cli"
version = "0.1.0"
dependencies = [
 "draxl",
]

[[package]]
name = "draxl-lower-rust"
version = "0.1.0"
dependencies = [
 "draxl-ast",
 "draxl-printer",
]

[[package]]
name = "draxl-parser"
version = "0.1.0"
dependencies = [
 "draxl-ast",
]

[[package]]
name = "draxl-patch"
version = "0.1.0"
dependencies = [
 "draxl-ast",
]

[[package]]
name = "draxl-printer"
version = "0.1.0"
dependencies = [
 "draxl-ast",
]

[[package]]
name = "draxl-validate"
version = "0.1.0"
dependencies = [
 "draxl-ast",
]
